
Microsoft Visual Studio Solution File, Format Version 12.00
# Visual Studio 15
Project("{FAE04EC0-301F-11D3-BF4B-00C04F79EFBC}") = "Assembly-CSharp", "Assembly-CSharp.csproj", "{AEA6986D-F245-93EC-86B6-2DACCF3D87EA}"
EndProject
Project("{FAE04EC0-301F-11D3-BF4B-00C04F79EFBC}") = "LeanTouch", "LeanTouch.csproj", "{3B804C0E-412A-B908-FC8A-8CA5E40BC722}"
EndProject
Project("{FAE04EC0-301F-11D3-BF4B-00C04F79EFBC}") = "LeanCommon", "LeanCommon.csproj", "{CBFECC2A-EA14-DD72-B876-FCB3A73D9467}"
EndProject
Global
	GlobalSection(SolutionConfigurationPlatforms) = preSolution
		Debug|Any CPU = Debug|Any CPU
		Release|Any CPU = Release|Any CPU
	EndGlobalSection
	GlobalSection(ProjectConfigurationPlatforms) = postSolution
		{AEA6986D-F245-93EC-86B6-2DACCF3D87EA}.Debug|Any CPU.ActiveCfg = Debug|Any CPU
		{AEA6986D-F245-93EC-86B6-2DACCF3D87EA}.Debug|Any CPU.Build.0 = Debug|Any CPU
		{AEA6986D-F245-93EC-86B6-2DACCF3D87EA}.Release|Any CPU.ActiveCfg = Release|Any CPU
		{AEA6986D-F245-93EC-86B6-2DACCF3D87EA}.Release|Any CPU.Build.0 = Release|Any CPU
		{3B804C0E-412A-B908-FC8A-8CA5E40BC722}.Debug|Any CPU.ActiveCfg = Debug|Any CPU
		{3B804C0E-412A-B908-FC8A-8CA5E40BC722}.Debug|Any CPU.Build.0 = Debug|Any CPU
		{3B804C0E-412A-B908-FC8A-8CA5E40BC722}.Release|Any CPU.ActiveCfg = Release|Any CPU
		{3B804C0E-412A-B908-FC8A-8CA5E40BC722}.Release|Any CPU.Build.0 = Release|Any CPU
		{CBFECC2A-EA14-DD72-B876-FCB3A73D9467}.Debug|Any CPU.ActiveCfg = Debug|Any CPU
		{CBFECC2A-EA14-DD72-B876-FCB3A73D9467}.Debug|Any CPU.Build.0 = Debug|Any CPU
		{CBFECC2A-EA14-DD72-B876-FCB3A73D9467}.Release|Any CPU.ActiveCfg = Release|Any CPU
		{CBFECC2A-EA14-DD72-B876-FCB3A73D9467}.Release|Any CPU.Build.0 = Release|Any CPU
	EndGlobalSection
	GlobalSection(SolutionProperties) = preSolution
		HideSolutionNode = FALSE
	EndGlobalSection
EndGlobal
